
Microsoft Visual Studio Solution File, Format Version 12.00
# Visual Studio Version 16
VisualStudioVersion = 16.0.31605.320
MinimumVisualStudioVersion = 10.0.40219.1
Project("{FAE04EC0-301F-11D3-BF4B-00C04F79EFBC}") = "CKK.Logic", "CKK.Logic\CKK.Logic.csproj", "{444BAECF-6CBC-485A-9033-A96C66FF3D77}"
EndProject
Global
	GlobalSection(SolutionConfigurationPlatforms) = preSolution
		Debug|Any CPU = Debug|Any CPU
		Release|Any CPU = Release|Any CPU
	EndGlobalSection
	GlobalSection(ProjectConfigurationPlatforms) = postSolution
		{444BAECF-6CBC-485A-9033-A96C66FF3D77}.Debug|Any CPU.ActiveCfg = Debug|Any CPU
		{444BAECF-6CBC-485A-9033-A96C66FF3D77}.Debug|Any CPU.Build.0 = Debug|Any CPU
		{444BAECF-6CBC-485A-9033-A96C66FF3D77}.Release|Any CPU.ActiveCfg = Release|Any CPU
		{444BAECF-6CBC-485A-9033-A96C66FF3D77}.Release|Any CPU.Build.0 = Release|Any CPU
	EndGlobalSection
	GlobalSection(SolutionProperties) = preSolution
		HideSolutionNode = FALSE
	EndGlobalSection
	GlobalSection(ExtensibilityGlobals) = postSolution
		SolutionGuid = {C144709F-E310-4C54-9CBE-3B22EFD8DF5D}
	EndGlobalSection
EndGlobal
